
Microsoft Visual Studio Solution File, Format Version 12.00
# Visual Studio Version 16
VisualStudioVersion = 16.0.32802.440
MinimumVisualStudioVersion = 10.0.40219.1
Project("{9A19103F-16F7-4668-BE54-9A1E7A4F7556}") = "OnlineEvents", "OnlineEvents\OnlineEvents.csproj", "{DA239982-BB2F-4103-A7EC-51E63F7FC42A}"
EndProject
Global
	GlobalSection(SolutionConfigurationPlatforms) = preSolution
		Debug|Any CPU = Debug|Any CPU
		Release|Any CPU = Release|Any CPU
	EndGlobalSection
	GlobalSection(ProjectConfigurationPlatforms) = postSolution
		{DA239982-BB2F-4103-A7EC-51E63F7FC42A}.Debug|Any CPU.ActiveCfg = Debug|Any CPU
		{DA239982-BB2F-4103-A7EC-51E63F7FC42A}.Debug|Any CPU.Build.0 = Debug|Any CPU
		{DA239982-BB2F-4103-A7EC-51E63F7FC42A}.Release|Any CPU.ActiveCfg = Release|Any CPU
		{DA239982-BB2F-4103-A7EC-51E63F7FC42A}.Release|Any CPU.Build.0 = Release|Any CPU
	EndGlobalSection
	GlobalSection(SolutionProperties) = preSolution
		HideSolutionNode = FALSE
	EndGlobalSection
	GlobalSection(ExtensibilityGlobals) = postSolution
		SolutionGuid = {C0C2023D-33BE-43FA-9A97-54C7CBEF71D1}
	EndGlobalSection
EndGlobal
